// !$*UTF8*$!
{
	archiveVersion = 1;
	classes = {
	};
	objectVersion = 56;
	objects = {

/* Begin PBXBuildFile section */
		09A3B1AF2C5422E200A6D8CE /* APIClientDatasourceTest.swift in Sources */ = {isa = PBXBuildFile; fileRef = 09A3B1AE2C5422E200A6D8CE /* APIClientDatasourceTest.swift */; };
		09A3B1B32C5425C400A6D8CE /* GetMoviesUseCaseTest.swift in Sources */ = {isa = PBXBuildFile; fileRef = 09A3B1B22C5425C400A6D8CE /* GetMoviesUseCaseTest.swift */; };
		09A3B1B62C54278800A6D8CE /* Mocks.swift in Sources */ = {isa = PBXBuildFile; fileRef = 09A3B1B52C54278800A6D8CE /* Mocks.swift */; };
		09CC65202C52C298003BB899 /* HomeView.swift in Sources */ = {isa = PBXBuildFile; fileRef = 09CC651F2C52C298003BB899 /* HomeView.swift */; };
		09CC65222C52C89B003BB899 /* MovieDetail.swift in Sources */ = {isa = PBXBuildFile; fileRef = 09CC65212C52C89B003BB899 /* MovieDetail.swift */; };
		09CC65262C5319B9003BB899 /* APIClientDatasource.swift in Sources */ = {isa = PBXBuildFile; fileRef = 09CC65252C5319B9003BB899 /* APIClientDatasource.swift */; };
		09CC65282C5319ED003BB899 /* GenreModel.swift in Sources */ = {isa = PBXBuildFile; fileRef = 09CC65272C5319ED003BB899 /* GenreModel.swift */; };
		09CC652A2C531ADD003BB899 /* GetGenresUseCase.swift in Sources */ = {isa = PBXBuildFile; fileRef = 09CC65292C531ADD003BB899 /* GetGenresUseCase.swift */; };
		09E361122C51C76A00D8461B /* MoviePlayApp.swift in Sources */ = {isa = PBXBuildFile; fileRef = 09E361112C51C76A00D8461B /* MoviePlayApp.swift */; };
		09E361142C51C76A00D8461B /* ContentView.swift in Sources */ = {isa = PBXBuildFile; fileRef = 09E361132C51C76A00D8461B /* ContentView.swift */; };
		09E361162C51C77600D8461B /* Assets.xcassets in Resources */ = {isa = PBXBuildFile; fileRef = 09E361152C51C77600D8461B /* Assets.xcassets */; };
		09E361192C51C77600D8461B /* Preview Assets.xcassets in Resources */ = {isa = PBXBuildFile; fileRef = 09E361182C51C77600D8461B /* Preview Assets.xcassets */; };
		09E361222C51C99F00D8461B /* MovieModel.swift in Sources */ = {isa = PBXBuildFile; fileRef = 09E361212C51C99F00D8461B /* MovieModel.swift */; };
		09E3612B2C51CA7800D8461B /* MovieFilterModel.swift in Sources */ = {isa = PBXBuildFile; fileRef = 09E3612A2C51CA7800D8461B /* MovieFilterModel.swift */; };
		09E3612D2C51CAB000D8461B /* GetMoviesUseCase.swift in Sources */ = {isa = PBXBuildFile; fileRef = 09E3612C2C51CAB000D8461B /* GetMoviesUseCase.swift */; };
		09E361312C51CB8700D8461B /* MovieListViewModel.swift in Sources */ = {isa = PBXBuildFile; fileRef = 09E361302C51CB8700D8461B /* MovieListViewModel.swift */; };
		09E361332C5204DC00D8461B /* FilterView.swift in Sources */ = {isa = PBXBuildFile; fileRef = 09E361322C5204DC00D8461B /* FilterView.swift */; };
		09E361352C52087700D8461B /* Configuration.swift in Sources */ = {isa = PBXBuildFile; fileRef = 09E361342C52087600D8461B /* Configuration.swift */; };
		1D5BCC9372F4B758666B1E9C /* libPods-MoviePlay.a in Frameworks */ = {isa = PBXBuildFile; fileRef = D0B1857C4FC9494E5D22ABAE /* libPods-MoviePlay.a */; };
/* End PBXBuildFile section */

/* Begin PBXContainerItemProxy section */
		09A3B1A62C54227700A6D8CE /* PBXContainerItemProxy */ = {
			isa = PBXContainerItemProxy;
			containerPortal = 09E361062C51C76A00D8461B /* Project object */;
			proxyType = 1;
			remoteGlobalIDString = 09E3610D2C51C76A00D8461B;
			remoteInfo = MoviePlay;
		};
/* End PBXContainerItemProxy section */

/* Begin PBXFileReference section */
		09A3B1A22C54227700A6D8CE /* MoviePlayTests.xctest */ = {isa = PBXFileReference; explicitFileType = wrapper.cfbundle; includeInIndex = 0; path = MoviePlayTests.xctest; sourceTree = BUILT_PRODUCTS_DIR; };
		09A3B1AE2C5422E200A6D8CE /* APIClientDatasourceTest.swift */ = {isa = PBXFileReference; lastKnownFileType = sourcecode.swift; path = APIClientDatasourceTest.swift; sourceTree = "<group>"; };
		09A3B1B22C5425C400A6D8CE /* GetMoviesUseCaseTest.swift */ = {isa = PBXFileReference; lastKnownFileType = sourcecode.swift; path = GetMoviesUseCaseTest.swift; sourceTree = "<group>"; };
		09A3B1B52C54278800A6D8CE /* Mocks.swift */ = {isa = PBXFileReference; lastKnownFileType = sourcecode.swift; path = Mocks.swift; sourceTree = "<group>"; };
		09CC651F2C52C298003BB899 /* HomeView.swift */ = {isa = PBXFileReference; lastKnownFileType = sourcecode.swift; path = HomeView.swift; sourceTree = "<group>"; };
		09CC65212C52C89B003BB899 /* MovieDetail.swift */ = {isa = PBXFileReference; lastKnownFileType = sourcecode.swift; path = MovieDetail.swift; sourceTree = "<group>"; };
		09CC65252C5319B9003BB899 /* APIClientDatasource.swift */ = {isa = PBXFileReference; lastKnownFileType = sourcecode.swift; path = APIClientDatasource.swift; sourceTree = "<group>"; };
		09CC65272C5319ED003BB899 /* GenreModel.swift */ = {isa = PBXFileReference; lastKnownFileType = sourcecode.swift; path = GenreModel.swift; sourceTree = "<group>"; };
		09CC65292C531ADD003BB899 /* GetGenresUseCase.swift */ = {isa = PBXFileReference; lastKnownFileType = sourcecode.swift; path = GetGenresUseCase.swift; sourceTree = "<group>"; };
		09E3610E2C51C76A00D8461B /* MoviePlay.app */ = {isa = PBXFileReference; explicitFileType = wrapper.application; includeInIndex = 0; path = MoviePlay.app; sourceTree = BUILT_PRODUCTS_DIR; };
		09E361112C51C76A00D8461B /* MoviePlayApp.swift */ = {isa = PBXFileReference; lastKnownFileType = sourcecode.swift; path = MoviePlayApp.swift; sourceTree = "<group>"; };
		09E361132C51C76A00D8461B /* ContentView.swift */ = {isa = PBXFileReference; lastKnownFileType = sourcecode.swift; path = ContentView.swift; sourceTree = "<group>"; };
		09E361152C51C77600D8461B /* Assets.xcassets */ = {isa = PBXFileReference; lastKnownFileType = folder.assetcatalog; path = Assets.xcassets; sourceTree = "<group>"; };
		09E361182C51C77600D8461B /* Preview Assets.xcassets */ = {isa = PBXFileReference; lastKnownFileType = folder.assetcatalog; path = "Preview Assets.xcassets"; sourceTree = "<group>"; };
		09E361212C51C99F00D8461B /* MovieModel.swift */ = {isa = PBXFileReference; lastKnownFileType = sourcecode.swift; path = MovieModel.swift; sourceTree = "<group>"; };
		09E3612A2C51CA7800D8461B /* MovieFilterModel.swift */ = {isa = PBXFileReference; lastKnownFileType = sourcecode.swift; path = MovieFilterModel.swift; sourceTree = "<group>"; };
		09E3612C2C51CAB000D8461B /* GetMoviesUseCase.swift */ = {isa = PBXFileReference; lastKnownFileType = sourcecode.swift; path = GetMoviesUseCase.swift; sourceTree = "<group>"; };
		09E361302C51CB8700D8461B /* MovieListViewModel.swift */ = {isa = PBXFileReference; lastKnownFileType = sourcecode.swift; path = MovieListViewModel.swift; sourceTree = "<group>"; };
		09E361322C5204DC00D8461B /* FilterView.swift */ = {isa = PBXFileReference; lastKnownFileType = sourcecode.swift; path = FilterView.swift; sourceTree = "<group>"; };
		09E361342C52087600D8461B /* Configuration.swift */ = {isa = PBXFileReference; lastKnownFileType = sourcecode.swift; path = Configuration.swift; sourceTree = "<group>"; };
		6037A7C6384A591DA24F8932 /* Pods-MoviePlay.release.xcconfig */ = {isa = PBXFileReference; includeInIndex = 1; lastKnownFileType = text.xcconfig; name = "Pods-MoviePlay.release.xcconfig"; path = "Target Support Files/Pods-MoviePlay/Pods-MoviePlay.release.xcconfig"; sourceTree = "<group>"; };
		942E98125C6370DA6AB4B54A /* Pods-MoviePlay.debug.xcconfig */ = {isa = PBXFileReference; includeInIndex = 1; lastKnownFileType = text.xcconfig; name = "Pods-MoviePlay.debug.xcconfig"; path = "Target Support Files/Pods-MoviePlay/Pods-MoviePlay.debug.xcconfig"; sourceTree = "<group>"; };
		D0B1857C4FC9494E5D22ABAE /* libPods-MoviePlay.a */ = {isa = PBXFileReference; explicitFileType = archive.ar; includeInIndex = 0; path = "libPods-MoviePlay.a"; sourceTree = BUILT_PRODUCTS_DIR; };
/* End PBXFileReference section */

/* Begin PBXFrameworksBuildPhase section */
		09A3B19F2C54227700A6D8CE /* Frameworks */ = {
			isa = PBXFrameworksBuildPhase;
			buildActionMask = 2147483647;
			files = (
			);
			runOnlyForDeploymentPostprocessing = 0;
		};
		09E3610B2C51C76A00D8461B /* Frameworks */ = {
			isa = PBXFrameworksBuildPhase;
			buildActionMask = 2147483647;
			files = (
				1D5BCC9372F4B758666B1E9C /* libPods-MoviePlay.a in Frameworks */,
			);
			runOnlyForDeploymentPostprocessing = 0;
		};
/* End PBXFrameworksBuildPhase section */

/* Begin PBXGroup section */
		09A3B1A32C54227700A6D8CE /* MoviePlayTests */ = {
			isa = PBXGroup;
			children = (
				09A3B1B42C54276300A6D8CE /* Mocks */,
				09A3B1B02C5425A000A6D8CE /* Domain */,
				09A3B1AB2C54228E00A6D8CE /* Data */,
			);
			path = MoviePlayTests;
			sourceTree = "<group>";
		};
		09A3B1AB2C54228E00A6D8CE /* Data */ = {
			isa = PBXGroup;
			children = (
				09A3B1AC2C54229C00A6D8CE /* Datasource */,
			);
			path = Data;
			sourceTree = "<group>";
		};
		09A3B1AC2C54229C00A6D8CE /* Datasource */ = {
			isa = PBXGroup;
			children = (
				09A3B1AE2C5422E200A6D8CE /* APIClientDatasourceTest.swift */,
			);
			path = Datasource;
			sourceTree = "<group>";
		};
		09A3B1B02C5425A000A6D8CE /* Domain */ = {
			isa = PBXGroup;
			children = (
				09A3B1B12C5425A700A6D8CE /* UseCases */,
			);
			path = Domain;
			sourceTree = "<group>";
		};
		09A3B1B12C5425A700A6D8CE /* UseCases */ = {
			isa = PBXGroup;
			children = (
				09A3B1B22C5425C400A6D8CE /* GetMoviesUseCaseTest.swift */,
			);
			path = UseCases;
			sourceTree = "<group>";
		};
		09A3B1B42C54276300A6D8CE /* Mocks */ = {
			isa = PBXGroup;
			children = (
				09A3B1B52C54278800A6D8CE /* Mocks.swift */,
			);
			path = Mocks;
			sourceTree = "<group>";
		};
		09CC65242C531997003BB899 /* Datasource */ = {
			isa = PBXGroup;
			children = (
				09CC65252C5319B9003BB899 /* APIClientDatasource.swift */,
			);
			path = Datasource;
			sourceTree = "<group>";
		};
		09E361052C51C76A00D8461B = {
			isa = PBXGroup;
			children = (
				09E361102C51C76A00D8461B /* MoviePlay */,
				09A3B1A32C54227700A6D8CE /* MoviePlayTests */,
				09E3610F2C51C76A00D8461B /* Products */,
				3D343CDB387668F7E405F34A /* Pods */,
				A400DB6797FBE875AEFB3D86 /* Frameworks */,
			);
			sourceTree = "<group>";
		};
		09E3610F2C51C76A00D8461B /* Products */ = {
			isa = PBXGroup;
			children = (
				09E3610E2C51C76A00D8461B /* MoviePlay.app */,
				09A3B1A22C54227700A6D8CE /* MoviePlayTests.xctest */,
			);
			name = Products;
			sourceTree = "<group>";
		};
		09E361102C51C76A00D8461B /* MoviePlay */ = {
			isa = PBXGroup;
			children = (
				09E361292C51C9F400D8461B /* Resources */,
				09E361252C51C9CF00D8461B /* Presentation */,
				09E361232C51C9BA00D8461B /* Domain */,
				09E3611F2C51C98100D8461B /* Data */,
				09E361112C51C76A00D8461B /* MoviePlayApp.swift */,
				09E361132C51C76A00D8461B /* ContentView.swift */,
				09E361152C51C77600D8461B /* Assets.xcassets */,
				09E361172C51C77600D8461B /* Preview Content */,
			);
			path = MoviePlay;
			sourceTree = "<group>";
		};
		09E361172C51C77600D8461B /* Preview Content */ = {
			isa = PBXGroup;
			children = (
				09E361182C51C77600D8461B /* Preview Assets.xcassets */,
			);
			path = "Preview Content";
			sourceTree = "<group>";
		};
		09E3611F2C51C98100D8461B /* Data */ = {
			isa = PBXGroup;
			children = (
				09CC65242C531997003BB899 /* Datasource */,
				09E361202C51C98E00D8461B /* Models */,
			);
			path = Data;
			sourceTree = "<group>";
		};
		09E361202C51C98E00D8461B /* Models */ = {
			isa = PBXGroup;
			children = (
				09E361212C51C99F00D8461B /* MovieModel.swift */,
				09E3612A2C51CA7800D8461B /* MovieFilterModel.swift */,
				09CC65272C5319ED003BB899 /* GenreModel.swift */,
			);
			path = Models;
			sourceTree = "<group>";
		};
		09E361232C51C9BA00D8461B /* Domain */ = {
			isa = PBXGroup;
			children = (
				09E361242C51C9C400D8461B /* UseCases */,
			);
			path = Domain;
			sourceTree = "<group>";
		};
		09E361242C51C9C400D8461B /* UseCases */ = {
			isa = PBXGroup;
			children = (
				09E3612C2C51CAB000D8461B /* GetMoviesUseCase.swift */,
				09CC65292C531ADD003BB899 /* GetGenresUseCase.swift */,
			);
			path = UseCases;
			sourceTree = "<group>";
		};
		09E361252C51C9CF00D8461B /* Presentation */ = {
			isa = PBXGroup;
			children = (
				09E361272C51C9E000D8461B /* ViewModels */,
				09E361262C51C9D600D8461B /* Views */,
			);
			path = Presentation;
			sourceTree = "<group>";
		};
		09E361262C51C9D600D8461B /* Views */ = {
			isa = PBXGroup;
			children = (
				09E361322C5204DC00D8461B /* FilterView.swift */,
				09CC651F2C52C298003BB899 /* HomeView.swift */,
				09CC65212C52C89B003BB899 /* MovieDetail.swift */,
			);
			path = Views;
			sourceTree = "<group>";
		};
		09E361272C51C9E000D8461B /* ViewModels */ = {
			isa = PBXGroup;
			children = (
				09E361302C51CB8700D8461B /* MovieListViewModel.swift */,
			);
			path = ViewModels;
			sourceTree = "<group>";
		};
		09E361292C51C9F400D8461B /* Resources */ = {
			isa = PBXGroup;
			children = (
				09E361342C52087600D8461B /* Configuration.swift */,
			);
			path = Resources;
			sourceTree = "<group>";
		};
		3D343CDB387668F7E405F34A /* Pods */ = {
			isa = PBXGroup;
			children = (
				942E98125C6370DA6AB4B54A /* Pods-MoviePlay.debug.xcconfig */,
				6037A7C6384A591DA24F8932 /* Pods-MoviePlay.release.xcconfig */,
			);
			path = Pods;
			sourceTree = "<group>";
		};
		A400DB6797FBE875AEFB3D86 /* Frameworks */ = {
			isa = PBXGroup;
			children = (
				D0B1857C4FC9494E5D22ABAE /* libPods-MoviePlay.a */,
			);
			name = Frameworks;
			sourceTree = "<group>";
		};
/* End PBXGroup section */

/* Begin PBXNativeTarget section */
		09A3B1A12C54227700A6D8CE /* MoviePlayTests */ = {
			isa = PBXNativeTarget;
			buildConfigurationList = 09A3B1AA2C54227700A6D8CE /* Build configuration list for PBXNativeTarget "MoviePlayTests" */;
			buildPhases = (
				09A3B19E2C54227700A6D8CE /* Sources */,
				09A3B19F2C54227700A6D8CE /* Frameworks */,
				09A3B1A02C54227700A6D8CE /* Resources */,
			);
			buildRules = (
			);
			dependencies = (
				09A3B1A72C54227700A6D8CE /* PBXTargetDependency */,
			);
			name = MoviePlayTests;
			productName = MoviePlayTests;
			productReference = 09A3B1A22C54227700A6D8CE /* MoviePlayTests.xctest */;
			productType = "com.apple.product-type.bundle.unit-test";
		};
		09E3610D2C51C76A00D8461B /* MoviePlay */ = {
			isa = PBXNativeTarget;
			buildConfigurationList = 09E3611C2C51C77600D8461B /* Build configuration list for PBXNativeTarget "MoviePlay" */;
			buildPhases = (
				858D1395F83A32EBB11E6F86 /* [CP] Check Pods Manifest.lock */,
				09E3610A2C51C76A00D8461B /* Sources */,
				09E3610B2C51C76A00D8461B /* Frameworks */,
				09E3610C2C51C76A00D8461B /* Resources */,
				214A26F7D80D15D1B494FD5F /* [CP] Copy Pods Resources */,
			);
			buildRules = (
			);
			dependencies = (
			);
			name = MoviePlay;
			productName = MoviePlay;
			productReference = 09E3610E2C51C76A00D8461B /* MoviePlay.app */;
			productType = "com.apple.product-type.application";
		};
/* End PBXNativeTarget section */

/* Begin PBXProject section */
		09E361062C51C76A00D8461B /* Project object */ = {
			isa = PBXProject;
			attributes = {
				BuildIndependentTargetsInParallel = 1;
				LastSwiftUpdateCheck = 1540;
				LastUpgradeCheck = 1540;
				TargetAttributes = {
					09A3B1A12C54227700A6D8CE = {
						CreatedOnToolsVersion = 15.4;
						TestTargetID = 09E3610D2C51C76A00D8461B;
					};
					09E3610D2C51C76A00D8461B = {
						CreatedOnToolsVersion = 15.4;
					};
				};
			};
			buildConfigurationList = 09E361092C51C76A00D8461B /* Build configuration list for PBXProject "MoviePlay" */;
			compatibilityVersion = "Xcode 14.0";
			developmentRegion = en;
			hasScannedForEncodings = 0;
			knownRegions = (
				en,
				Base,
			);
			mainGroup = 09E361052C51C76A00D8461B;
			productRefGroup = 09E3610F2C51C76A00D8461B /* Products */;
			projectDirPath = "";
			projectRoot = "";
			targets = (
				09E3610D2C51C76A00D8461B /* MoviePlay */,
				09A3B1A12C54227700A6D8CE /* MoviePlayTests */,
			);
		};
/* End PBXProject section */

/* Begin PBXResourcesBuildPhase section */
		09A3B1A02C54227700A6D8CE /* Resources */ = {
			isa = PBXResourcesBuildPhase;
			buildActionMask = 2147483647;
			files = (
			);
			runOnlyForDeploymentPostprocessing = 0;
		};
		09E3610C2C51C76A00D8461B /* Resources */ = {
			isa = PBXResourcesBuildPhase;
			buildActionMask = 2147483647;
			files = (
				09E361192C51C77600D8461B /* Preview Assets.xcassets in Resources */,
				09E361162C51C77600D8461B /* Assets.xcassets in Resources */,
			);
			runOnlyForDeploymentPostprocessing = 0;
		};
/* End PBXResourcesBuildPhase section */

/* Begin PBXShellScriptBuildPhase section */
		214A26F7D80D15D1B494FD5F /* [CP] Copy Pods Resources */ = {
			isa = PBXShellScriptBuildPhase;
			buildActionMask = 2147483647;
			files = (
			);
			inputFileListPaths = (
				"${PODS_ROOT}/Target Support Files/Pods-MoviePlay/Pods-MoviePlay-resources-${CONFIGURATION}-input-files.xcfilelist",
			);
			name = "[CP] Copy Pods Resources";
			outputFileListPaths = (
				"${PODS_ROOT}/Target Support Files/Pods-MoviePlay/Pods-MoviePlay-resources-${CONFIGURATION}-output-files.xcfilelist",
			);
			runOnlyForDeploymentPostprocessing = 0;
			shellPath = /bin/sh;
			shellScript = "\"${PODS_ROOT}/Target Support Files/Pods-MoviePlay/Pods-MoviePlay-resources.sh\"\n";
			showEnvVarsInLog = 0;
		};
		858D1395F83A32EBB11E6F86 /* [CP] Check Pods Manifest.lock */ = {
			isa = PBXShellScriptBuildPhase;
			buildActionMask = 2147483647;
			files = (
			);
			inputFileListPaths = (
			);
			inputPaths = (
				"${PODS_PODFILE_DIR_PATH}/Podfile.lock",
				"${PODS_ROOT}/Manifest.lock",
			);
			name = "[CP] Check Pods Manifest.lock";
			outputFileListPaths = (
			);
			outputPaths = (
				"$(DERIVED_FILE_DIR)/Pods-MoviePlay-checkManifestLockResult.txt",
			);
			runOnlyForDeploymentPostprocessing = 0;
			shellPath = /bin/sh;
			shellScript = "diff \"${PODS_PODFILE_DIR_PATH}/Podfile.lock\" \"${PODS_ROOT}/Manifest.lock\" > /dev/null\nif [ $? != 0 ] ; then\n    # print error to STDERR\n    echo \"error: The sandbox is not in sync with the Podfile.lock. Run 'pod install' or update your CocoaPods installation.\" >&2\n    exit 1\nfi\n# This output is used by Xcode 'outputs' to avoid re-running this script phase.\necho \"SUCCESS\" > \"${SCRIPT_OUTPUT_FILE_0}\"\n";
			showEnvVarsInLog = 0;
		};
/* End PBXShellScriptBuildPhase section */

/* Begin PBXSourcesBuildPhase section */
		09A3B19E2C54227700A6D8CE /* Sources */ = {
			isa = PBXSourcesBuildPhase;
			buildActionMask = 2147483647;
			files = (
				09A3B1B32C5425C400A6D8CE /* GetMoviesUseCaseTest.swift in Sources */,
				09A3B1AF2C5422E200A6D8CE /* APIClientDatasourceTest.swift in Sources */,
				09A3B1B62C54278800A6D8CE /* Mocks.swift in Sources */,
			);
			runOnlyForDeploymentPostprocessing = 0;
		};
		09E3610A2C51C76A00D8461B /* Sources */ = {
			isa = PBXSourcesBuildPhase;
			buildActionMask = 2147483647;
			files = (
				09CC65262C5319B9003BB899 /* APIClientDatasource.swift in Sources */,
				09E3612B2C51CA7800D8461B /* MovieFilterModel.swift in Sources */,
				09E3612D2C51CAB000D8461B /* GetMoviesUseCase.swift in Sources */,
				09CC65282C5319ED003BB899 /* GenreModel.swift in Sources */,
				09CC65202C52C298003BB899 /* HomeView.swift in Sources */,
				09E361352C52087700D8461B /* Configuration.swift in Sources */,
				09CC652A2C531ADD003BB899 /* GetGenresUseCase.swift in Sources */,
				09E361312C51CB8700D8461B /* MovieListViewModel.swift in Sources */,
				09E361332C5204DC00D8461B /* FilterView.swift in Sources */,
				09E361222C51C99F00D8461B /* MovieModel.swift in Sources */,
				09E361142C51C76A00D8461B /* ContentView.swift in Sources */,
				09E361122C51C76A00D8461B /* MoviePlayApp.swift in Sources */,
				09CC65222C52C89B003BB899 /* MovieDetail.swift in Sources */,
			);
			runOnlyForDeploymentPostprocessing = 0;
		};
/* End PBXSourcesBuildPhase section */

/* Begin PBXTargetDependency section */
		09A3B1A72C54227700A6D8CE /* PBXTargetDependency */ = {
			isa = PBXTargetDependency;
			target = 09E3610D2C51C76A00D8461B /* MoviePlay */;
			targetProxy = 09A3B1A62C54227700A6D8CE /* PBXContainerItemProxy */;
		};
/* End PBXTargetDependency section */

/* Begin XCBuildConfiguration section */
		09A3B1A82C54227700A6D8CE /* Debug */ = {
			isa = XCBuildConfiguration;
			buildSettings = {
				BUNDLE_LOADER = "$(TEST_HOST)";
				CODE_SIGN_STYLE = Automatic;
				CURRENT_PROJECT_VERSION = 1;
				GENERATE_INFOPLIST_FILE = YES;
				MARKETING_VERSION = 1.0;
				PRODUCT_BUNDLE_IDENTIFIER = com.antdev.MoviePlayTests;
				PRODUCT_NAME = "$(TARGET_NAME)";
				SWIFT_EMIT_LOC_STRINGS = NO;
				SWIFT_VERSION = 5.0;
				TARGETED_DEVICE_FAMILY = "1,2";
				TEST_HOST = "$(BUILT_PRODUCTS_DIR)/MoviePlay.app/$(BUNDLE_EXECUTABLE_FOLDER_PATH)/MoviePlay";
			};
			name = Debug;
		};
		09A3B1A92C54227700A6D8CE /* Release */ = {
			isa = XCBuildConfiguration;
			buildSettings = {
				BUNDLE_LOADER = "$(TEST_HOST)";
				CODE_SIGN_STYLE = Automatic;
				CURRENT_PROJECT_VERSION = 1;
				GENERATE_INFOPLIST_FILE = YES;
				MARKETING_VERSION = 1.0;
				PRODUCT_BUNDLE_IDENTIFIER = com.antdev.MoviePlayTests;
				PRODUCT_NAME = "$(TARGET_NAME)";
				SWIFT_EMIT_LOC_STRINGS = NO;
				SWIFT_VERSION = 5.0;
				TARGETED_DEVICE_FAMILY = "1,2";
				TEST_HOST = "$(BUILT_PRODUCTS_DIR)/MoviePlay.app/$(BUNDLE_EXECUTABLE_FOLDER_PATH)/MoviePlay";
			};
			name = Release;
		};
		09E3611A2C51C77600D8461B /* Debug */ = {
			isa = XCBuildConfiguration;
			buildSettings = {
				ALWAYS_SEARCH_USER_PATHS = NO;
				ASSETCATALOG_COMPILER_GENERATE_SWIFT_ASSET_SYMBOL_EXTENSIONS = YES;
				CLANG_ANALYZER_NONNULL = YES;
				CLANG_ANALYZER_NUMBER_OBJECT_CONVERSION = YES_AGGRESSIVE;
				CLANG_CXX_LANGUAGE_STANDARD = "gnu++20";
				CLANG_ENABLE_MODULES = YES;
				CLANG_ENABLE_OBJC_ARC = YES;
				CLANG_ENABLE_OBJC_WEAK = YES;
				CLANG_WARN_BLOCK_CAPTURE_AUTORELEASING = YES;
				CLANG_WARN_BOOL_CONVERSION = YES;
				CLANG_WARN_COMMA = YES;
				CLANG_WARN_CONSTANT_CONVERSION = YES;
				CLANG_WARN_DEPRECATED_OBJC_IMPLEMENTATIONS = YES;
				CLANG_WARN_DIRECT_OBJC_ISA_USAGE = YES_ERROR;
				CLANG_WARN_DOCUMENTATION_COMMENTS = YES;
				CLANG_WARN_EMPTY_BODY = YES;
				CLANG_WARN_ENUM_CONVERSION = YES;
				CLANG_WARN_INFINITE_RECURSION = YES;
				CLANG_WARN_INT_CONVERSION = YES;
				CLANG_WARN_NON_LITERAL_NULL_CONVERSION = YES;
				CLANG_WARN_OBJC_IMPLICIT_RETAIN_SELF = YES;
				CLANG_WARN_OBJC_LITERAL_CONVERSION = YES;
				CLANG_WARN_OBJC_ROOT_CLASS = YES_ERROR;
				CLANG_WARN_QUOTED_INCLUDE_IN_FRAMEWORK_HEADER = YES;
				CLANG_WARN_RANGE_LOOP_ANALYSIS = YES;
				CLANG_WARN_STRICT_PROTOTYPES = YES;
				CLANG_WARN_SUSPICIOUS_MOVE = YES;
				CLANG_WARN_UNGUARDED_AVAILABILITY = YES_AGGRESSIVE;
				CLANG_WARN_UNREACHABLE_CODE = YES;
				CLANG_WARN__DUPLICATE_METHOD_MATCH = YES;
				COPY_PHASE_STRIP = NO;
				DEBUG_INFORMATION_FORMAT = dwarf;
				ENABLE_STRICT_OBJC_MSGSEND = YES;
				ENABLE_TESTABILITY = YES;
				ENABLE_USER_SCRIPT_SANDBOXING = YES;
				GCC_C_LANGUAGE_STANDARD = gnu17;
				GCC_DYNAMIC_NO_PIC = NO;
				GCC_NO_COMMON_BLOCKS = YES;
				GCC_OPTIMIZATION_LEVEL = 0;
				GCC_PREPROCESSOR_DEFINITIONS = (
					"DEBUG=1",
					"$(inherited)",
				);
				GCC_WARN_64_TO_32_BIT_CONVERSION = YES;
				GCC_WARN_ABOUT_RETURN_TYPE = YES_ERROR;
				GCC_WARN_UNDECLARED_SELECTOR = YES;
				GCC_WARN_UNINITIALIZED_AUTOS = YES_AGGRESSIVE;
				GCC_WARN_UNUSED_FUNCTION = YES;
				GCC_WARN_UNUSED_VARIABLE = YES;
				IPHONEOS_DEPLOYMENT_TARGET = 17.0;
				LOCALIZATION_PREFERS_STRING_CATALOGS = YES;
				MTL_ENABLE_DEBUG_INFO = INCLUDE_SOURCE;
				MTL_FAST_MATH = YES;
				ONLY_ACTIVE_ARCH = YES;
				SDKROOT = iphoneos;
				SWIFT_ACTIVE_COMPILATION_CONDITIONS = "DEBUG $(inherited)";
				SWIFT_OPTIMIZATION_LEVEL = "-Onone";
			};
			name = Debug;
		};
		09E3611B2C51C77600D8461B /* Release */ = {
			isa = XCBuildConfiguration;
			buildSettings = {
				ALWAYS_SEARCH_USER_PATHS = NO;
				ASSETCATALOG_COMPILER_GENERATE_SWIFT_ASSET_SYMBOL_EXTENSIONS = YES;
				CLANG_ANALYZER_NONNULL = YES;
				CLANG_ANALYZER_NUMBER_OBJECT_CONVERSION = YES_AGGRESSIVE;
				CLANG_CXX_LANGUAGE_STANDARD = "gnu++20";
				CLANG_ENABLE_MODULES = YES;
				CLANG_ENABLE_OBJC_ARC = YES;
				CLANG_ENABLE_OBJC_WEAK = YES;
				CLANG_WARN_BLOCK_CAPTURE_AUTORELEASING = YES;
				CLANG_WARN_BOOL_CONVERSION = YES;
				CLANG_WARN_COMMA = YES;
				CLANG_WARN_CONSTANT_CONVERSION = YES;
				CLANG_WARN_DEPRECATED_OBJC_IMPLEMENTATIONS = YES;
				CLANG_WARN_DIRECT_OBJC_ISA_USAGE = YES_ERROR;
				CLANG_WARN_DOCUMENTATION_COMMENTS = YES;
				CLANG_WARN_EMPTY_BODY = YES;
				CLANG_WARN_ENUM_CONVERSION = YES;
				CLANG_WARN_INFINITE_RECURSION = YES;
				CLANG_WARN_INT_CONVERSION = YES;
				CLANG_WARN_NON_LITERAL_NULL_CONVERSION = YES;
				CLANG_WARN_OBJC_IMPLICIT_RETAIN_SELF = YES;
				CLANG_WARN_OBJC_LITERAL_CONVERSION = YES;
				CLANG_WARN_OBJC_ROOT_CLASS = YES_ERROR;
				CLANG_WARN_QUOTED_INCLUDE_IN_FRAMEWORK_HEADER = YES;
				CLANG_WARN_RANGE_LOOP_ANALYSIS = YES;
				CLANG_WARN_STRICT_PROTOTYPES = YES;
				CLANG_WARN_SUSPICIOUS_MOVE = YES;
				CLANG_WARN_UNGUARDED_AVAILABILITY = YES_AGGRESSIVE;
				CLANG_WARN_UNREACHABLE_CODE = YES;
				CLANG_WARN__DUPLICATE_METHOD_MATCH = YES;
				COPY_PHASE_STRIP = NO;
				DEBUG_INFORMATION_FORMAT = "dwarf-with-dsym";
				ENABLE_NS_ASSERTIONS = NO;
				ENABLE_STRICT_OBJC_MSGSEND = YES;
				ENABLE_USER_SCRIPT_SANDBOXING = YES;
				GCC_C_LANGUAGE_STANDARD = gnu17;
				GCC_NO_COMMON_BLOCKS = YES;
				GCC_WARN_64_TO_32_BIT_CONVERSION = YES;
				GCC_WARN_ABOUT_RETURN_TYPE = YES_ERROR;
				GCC_WARN_UNDECLARED_SELECTOR = YES;
				GCC_WARN_UNINITIALIZED_AUTOS = YES_AGGRESSIVE;
				GCC_WARN_UNUSED_FUNCTION = YES;
				GCC_WARN_UNUSED_VARIABLE = YES;
				IPHONEOS_DEPLOYMENT_TARGET = 17.0;
				LOCALIZATION_PREFERS_STRING_CATALOGS = YES;
				MTL_ENABLE_DEBUG_INFO = NO;
				MTL_FAST_MATH = YES;
				SDKROOT = iphoneos;
				SWIFT_COMPILATION_MODE = wholemodule;
				VALIDATE_PRODUCT = YES;
			};
			name = Release;
		};
		09E3611D2C51C77600D8461B /* Debug */ = {
			isa = XCBuildConfiguration;
			baseConfigurationReference = 942E98125C6370DA6AB4B54A /* Pods-MoviePlay.debug.xcconfig */;
			buildSettings = {
				ASSETCATALOG_COMPILER_APPICON_NAME = AppIcon;
				ASSETCATALOG_COMPILER_GLOBAL_ACCENT_COLOR_NAME = AccentColor;
				CODE_SIGN_STYLE = Automatic;
				CURRENT_PROJECT_VERSION = 1;
				DEVELOPMENT_ASSET_PATHS = "\"MoviePlay/Preview Content\"";
				DEVELOPMENT_TEAM = 5VPUA54HKK;
				ENABLE_PREVIEWS = YES;
				ENABLE_USER_SCRIPT_SANDBOXING = NO;
				GENERATE_INFOPLIST_FILE = YES;
				INFOPLIST_KEY_UIApplicationSceneManifest_Generation = YES;
				INFOPLIST_KEY_UIApplicationSupportsIndirectInputEvents = YES;
				INFOPLIST_KEY_UILaunchScreen_Generation = YES;
				INFOPLIST_KEY_UISupportedInterfaceOrientations_iPad = "UIInterfaceOrientationPortrait UIInterfaceOrientationPortraitUpsideDown UIInterfaceOrientationLandscapeLeft UIInterfaceOrientationLandscapeRight";
				INFOPLIST_KEY_UISupportedInterfaceOrientations_iPhone = "UIInterfaceOrientationPortrait UIInterfaceOrientationLandscapeLeft UIInterfaceOrientationLandscapeRight";
				LD_RUNPATH_SEARCH_PATHS = (
					"$(inherited)",
					"@executable_path/Frameworks",
				);
				MARKETING_VERSION = 1.0;
				PRODUCT_BUNDLE_IDENTIFIER = com.antdev.MoviePlay;
				PRODUCT_NAME = "$(TARGET_NAME)";
				SWIFT_EMIT_LOC_STRINGS = YES;
				SWIFT_VERSION = 5.0;
				TARGETED_DEVICE_FAMILY = "1,2";
			};
			name = Debug;
		};
		09E3611E2C51C77600D8461B /* Release */ = {
			isa = XCBuildConfiguration;
			baseConfigurationReference = 6037A7C6384A591DA24F8932 /* Pods-MoviePlay.release.xcconfig */;
			buildSettings = {
				ASSETCATALOG_COMPILER_APPICON_NAME = AppIcon;
				ASSETCATALOG_COMPILER_GLOBAL_ACCENT_COLOR_NAME = AccentColor;
				CODE_SIGN_STYLE = Automatic;
				CURRENT_PROJECT_VERSION = 1;
				DEVELOPMENT_ASSET_PATHS = "\"MoviePlay/Preview Content\"";
				DEVELOPMENT_TEAM = 5VPUA54HKK;
				ENABLE_PREVIEWS = YES;
				ENABLE_USER_SCRIPT_SANDBOXING = NO;
				GENERATE_INFOPLIST_FILE = YES;
				INFOPLIST_KEY_UIApplicationSceneManifest_Generation = YES;
				INFOPLIST_KEY_UIApplicationSupportsIndirectInputEvents = YES;
				INFOPLIST_KEY_UILaunchScreen_Generation = YES;
				INFOPLIST_KEY_UISupportedInterfaceOrientations_iPad = "UIInterfaceOrientationPortrait UIInterfaceOrientationPortraitUpsideDown UIInterfaceOrientationLandscapeLeft UIInterfaceOrientationLandscapeRight";
				INFOPLIST_KEY_UISupportedInterfaceOrientations_iPhone = "UIInterfaceOrientationPortrait UIInterfaceOrientationLandscapeLeft UIInterfaceOrientationLandscapeRight";
				LD_RUNPATH_SEARCH_PATHS = (
					"$(inherited)",
					"@executable_path/Frameworks",
				);
				MARKETING_VERSION = 1.0;
				PRODUCT_BUNDLE_IDENTIFIER = com.antdev.MoviePlay;
				PRODUCT_NAME = "$(TARGET_NAME)";
				SWIFT_EMIT_LOC_STRINGS = YES;
				SWIFT_VERSION = 5.0;
				TARGETED_DEVICE_FAMILY = "1,2";
			};
			name = Release;
		};
/* End XCBuildConfiguration section */

/* Begin XCConfigurationList section */
		09A3B1AA2C54227700A6D8CE /* Build configuration list for PBXNativeTarget "MoviePlayTests" */ = {
			isa = XCConfigurationList;
			buildConfigurations = (
				09A3B1A82C54227700A6D8CE /* Debug */,
				09A3B1A92C54227700A6D8CE /* Release */,
			);
			defaultConfigurationIsVisible = 0;
			defaultConfigurationName = Release;
		};
		09E361092C51C76A00D8461B /* Build configuration list for PBXProject "MoviePlay" */ = {
			isa = XCConfigurationList;
			buildConfigurations = (
				09E3611A2C51C77600D8461B /* Debug */,
				09E3611B2C51C77600D8461B /* Release */,
			);
			defaultConfigurationIsVisible = 0;
			defaultConfigurationName = Release;
		};
		09E3611C2C51C77600D8461B /* Build configuration list for PBXNativeTarget "MoviePlay" */ = {
			isa = XCConfigurationList;
			buildConfigurations = (
				09E3611D2C51C77600D8461B /* Debug */,
				09E3611E2C51C77600D8461B /* Release */,
			);
			defaultConfigurationIsVisible = 0;
			defaultConfigurationName = Release;
		};
/* End XCConfigurationList section */
	};
	rootObject = 09E361062C51C76A00D8461B /* Project object */;
}
