<?xml version="1.0" encoding="UTF-8"?>
<Scheme
   LastUpgradeVersion = "1540"
   version = "1.7">
   <BuildAction
      parallelizeBuildables = "YES"
      buildImplicitDependencies = "YES"
      buildArchitectures = "Automatic">
      <BuildActionEntries>
         <BuildActionEntry
            buildForTesting = "YES"
            buildForRunning = "YES"
            buildForProfiling = "YES"
            buildForArchiving = "YES"
            buildForAnalyzing = "YES">
            <BuildableReference
               BuildableIdentifier = "primary"
               BlueprintIdentifier = "09E3610D2C51C76A00D8461B"
               BuildableName = "MoviePlay.app"
               BlueprintName = "MoviePlay"
               ReferencedContainer = "container:MoviePlay.xcodeproj">
            </BuildableReference>
         </BuildActionEntry>
      </BuildActionEntries>
   </BuildAction>
   <TestAction
      buildConfiguration = "Debug"
      selectedDebuggerIdentifier = "Xcode.DebuggerFoundation.Debugger.LLDB"
      selectedLauncherIdentifier = "Xcode.DebuggerFoundation.Launcher.LLDB"
      shouldUseLaunchSchemeArgsEnv = "YES"
      shouldAutocreateTestPlan = "YES">
      <Testables>
         <TestableReference
            skipped = "NO"
            parallelizable = "YES">
            <BuildableReference
               BuildableIdentifier = "primary"
               BlueprintIdentifier = "09A3B1A12C54227700A6D8CE"
               BuildableName = "MoviePlayTests.xctest"
               BlueprintName = "MoviePlayTests"
               ReferencedContainer = "container:MoviePlay.xcodeproj">
            </BuildableReference>
         </TestableReference>
      </Testables>
   </TestAction>
   <LaunchAction
      buildConfiguration = "Debug"
      selectedDebuggerIdentifier = "Xcode.DebuggerFoundation.Debugger.LLDB"
      selectedLauncherIdentifier = "Xcode.DebuggerFoundation.Launcher.LLDB"
      launchStyle = "0"
      useCustomWorkingDirectory = "NO"
      ignoresPersistentStateOnLaunch = "NO"
      debugDocumentVersioning = "YES"
      debugServiceExtension = "internal"
      allowLocationSimulation = "YES">
      <BuildableProductRunnable
         runnableDebuggingMode = "0">
         <BuildableReference
            BuildableIdentifier = "primary"
            BlueprintIdentifier = "09E3610D2C51C76A00D8461B"
            BuildableName = "MoviePlay.app"
            BlueprintName = "MoviePlay"
            ReferencedContainer = "container:MoviePlay.xcodeproj">
         </BuildableReference>
      </BuildableProductRunnable>
      <EnvironmentVariables>
         <EnvironmentVariable
            key = "TOKEN"
            value = "eyJhbGciOiJIUzI1NiJ9.eyJhdWQiOiJlYWJiYTI0Mzk3YTgxMjc5NDgwMzE1OTgyMTQ0NjhjNSIsIm5iZiI6MTcyMTg2NTkwMy41MzE3NTEsInN1YiI6IjY2YTE3YWE0YTY3YWI5YzZiZDM4MWU4YyIsInNjb3BlcyI6WyJhcGlfcmVhZCJdLCJ2ZXJzaW9uIjoxfQ.osqtjZIYZAlxdO9pgCm_r2tLoA9eYu8Jt4xWAG_Gagc"
            isEnabled = "YES">
         </EnvironmentVariable>
         <EnvironmentVariable
            key = "BASE_URL"
            value = "https://api.themoviedb.org/3"
            isEnabled = "YES">
         </EnvironmentVariable>
         <EnvironmentVariable
            key = "BASE_URL_IMAGE"
            value = "https://image.tmdb.org/t/p/w400"
            isEnabled = "YES">
         </EnvironmentVariable>
         <EnvironmentVariable
            key = "CG_NUMERICS_SHOW_BACKTRACE"
            value = "1"
            isEnabled = "YES">
         </EnvironmentVariable>
      </EnvironmentVariables>
   </LaunchAction>
   <ProfileAction
      buildConfiguration = "Release"
      shouldUseLaunchSchemeArgsEnv = "YES"
      savedToolIdentifier = ""
      useCustomWorkingDirectory = "NO"
      debugDocumentVersioning = "YES">
      <BuildableProductRunnable
         runnableDebuggingMode = "0">
         <BuildableReference
            BuildableIdentifier = "primary"
            BlueprintIdentifier = "09E3610D2C51C76A00D8461B"
            BuildableName = "MoviePlay.app"
            BlueprintName = "MoviePlay"
            ReferencedContainer = "container:MoviePlay.xcodeproj">
         </BuildableReference>
      </BuildableProductRunnable>
   </ProfileAction>
   <AnalyzeAction
      buildConfiguration = "Debug">
   </AnalyzeAction>
   <ArchiveAction
      buildConfiguration = "Release"
      revealArchiveInOrganizer = "YES">
   </ArchiveAction>
</Scheme>
